
Microsoft Visual Studio Solution File, Format Version 12.00
# Visual Studio Version 17
VisualStudioVersion = 17.9.34728.123
MinimumVisualStudioVersion = 10.0.40219.1
Project("{FAE04EC0-301F-11D3-BF4B-00C04F79EFBC}") = "Module1Review", "Module1Review\Module1Review.csproj", "{EC0EF84D-787B-4680-A49E-B37E9B8C75CC}"
EndProject
Global
	GlobalSection(SolutionConfigurationPlatforms) = preSolution
		Debug|Any CPU = Debug|Any CPU
		Release|Any CPU = Release|Any CPU
	EndGlobalSection
	GlobalSection(ProjectConfigurationPlatforms) = postSolution
		{EC0EF84D-787B-4680-A49E-B37E9B8C75CC}.Debug|Any CPU.ActiveCfg = Debug|Any CPU
		{EC0EF84D-787B-4680-A49E-B37E9B8C75CC}.Debug|Any CPU.Build.0 = Debug|Any CPU
		{EC0EF84D-787B-4680-A49E-B37E9B8C75CC}.Release|Any CPU.ActiveCfg = Release|Any CPU
		{EC0EF84D-787B-4680-A49E-B37E9B8C75CC}.Release|Any CPU.Build.0 = Release|Any CPU
	EndGlobalSection
	GlobalSection(SolutionProperties) = preSolution
		HideSolutionNode = FALSE
	EndGlobalSection
	GlobalSection(ExtensibilityGlobals) = postSolution
		SolutionGuid = {761B2B89-5393-4B70-B6F1-E6ECD0672F3E}
	EndGlobalSection
EndGlobal
